{
  "version": 4,
  "terraform_version": "0.12.24",
  "serial": 45,
  "lineage": "b10429a0-6284-c3d9-fdad-fe2df521a1f4",
  "outputs": {
    "core_vpc_id": {
      "value": "vpc-0fe113400c4a1eea7",
      "type": "string"
    },
    "private_subnets": {
      "value": [
        "subnet-0776d35c467b712bc",
        "subnet-045c907e57cc93d2d",
        "subnet-0b6f8f39fea9a929a"
      ],
      "type": [
        "tuple",
        [
          "string",
          "string",
          "string"
        ]
      ]
    },
    "public_subnets": {
      "value": [
        "subnet-08024faedd11d3f44",
        "subnet-0591db51e9d3ca104",
        "subnet-0610dbdfa2a7ca189"
      ],
      "type": [
        "tuple",
        [
          "string",
          "string",
          "string"
        ]
      ]
    }
  },
  "resources": [
    {
      "module": "module.generic_vpc",
      "mode": "managed",
      "type": "aws_internet_gateway",
      "name": "this",
      "each": "list",
      "provider": "provider.aws",
      "instances": [
        {
          "index_key": 0,
          "schema_version": 0,
          "attributes": {
            "id": "igw-0476cb1b47d408852",
            "owner_id": "453835216981",
            "tags": {
              "Name": "Built via terraform"
            },
            "vpc_id": "vpc-0fe113400c4a1eea7"
          },
          "private": "bnVsbA==",
          "dependencies": [
            "module.generic_vpc.aws_vpc.this"
          ]
        }
      ]
    },
    {
      "module": "module.generic_vpc",
      "mode": "managed",
      "type": "aws_route",
      "name": "public_internet_gateway",
      "each": "list",
      "provider": "provider.aws",
      "instances": [
        {
          "index_key": 0,
          "schema_version": 0,
          "attributes": {
            "destination_cidr_block": "0.0.0.0/0",
            "destination_ipv6_cidr_block": null,
            "destination_prefix_list_id": "",
            "egress_only_gateway_id": "",
            "gateway_id": "igw-0476cb1b47d408852",
            "id": "r-rtb-02342d48a669a1ae41080289494",
            "instance_id": "",
            "instance_owner_id": "",
            "nat_gateway_id": "",
            "network_interface_id": "",
            "origin": "CreateRoute",
            "route_table_id": "rtb-02342d48a669a1ae4",
            "state": "active",
            "timeouts": {
              "create": "5m",
              "delete": null
            },
            "transit_gateway_id": "",
            "vpc_peering_connection_id": ""
          },
          "private": "eyJlMmJmYjczMC1lY2FhLTExZTYtOGY4OC0zNDM2M2JjN2M0YzAiOnsiY3JlYXRlIjozMDAwMDAwMDAwMDAsImRlbGV0ZSI6MzAwMDAwMDAwMDAwfX0=",
          "dependencies": [
            "module.generic_vpc.aws_internet_gateway.this",
            "module.generic_vpc.aws_route_table.primary",
            "module.generic_vpc.aws_vpc.this"
          ]
        }
      ]
    },
    {
      "module": "module.generic_vpc",
      "mode": "managed",
      "type": "aws_route_table",
      "name": "primary",
      "each": "list",
      "provider": "provider.aws",
      "instances": [
        {
          "index_key": 0,
          "schema_version": 0,
          "attributes": {
            "id": "rtb-02342d48a669a1ae4",
            "owner_id": "453835216981",
            "propagating_vgws": [],
            "route": [],
            "tags": {
              "Name": "Built via terraform"
            },
            "vpc_id": "vpc-0fe113400c4a1eea7"
          },
          "private": "bnVsbA==",
          "dependencies": [
            "module.generic_vpc.aws_vpc.this"
          ]
        }
      ]
    },
    {
      "module": "module.generic_vpc",
      "mode": "managed",
      "type": "aws_route_table",
      "name": "private",
      "each": "list",
      "provider": "provider.aws",
      "instances": [
        {
          "index_key": 0,
          "schema_version": 0,
          "attributes": {
            "id": "rtb-0fa928510b99a3fe6",
            "owner_id": "453835216981",
            "propagating_vgws": [],
            "route": [],
            "tags": {
              "Name": "Built via terraform"
            },
            "vpc_id": "vpc-0fe113400c4a1eea7"
          },
          "private": "bnVsbA==",
          "dependencies": [
            "module.generic_vpc.aws_vpc.this"
          ]
        }
      ]
    },
    {
      "module": "module.generic_vpc.module.secondary_subnet",
      "mode": "managed",
      "type": "aws_subnet",
      "name": "this",
      "each": "list",
      "provider": "provider.aws",
      "instances": [
        {
          "index_key": 0,
          "schema_version": 1,
          "attributes": {
            "arn": "arn:aws:ec2:eu-west-2:453835216981:subnet/subnet-0776d35c467b712bc",
            "assign_ipv6_address_on_creation": false,
            "availability_zone": "eu-west-2a",
            "availability_zone_id": "euw2-az2",
            "cidr_block": "10.40.4.0/24",
            "id": "subnet-0776d35c467b712bc",
            "ipv6_cidr_block": "",
            "ipv6_cidr_block_association_id": "",
            "map_public_ip_on_launch": false,
            "outpost_arn": "",
            "owner_id": "453835216981",
            "tags": {
              "Name": "Test Secondary",
              "Tier": "Secondary",
              "environent": "test"
            },
            "timeouts": null,
            "vpc_id": "vpc-0fe113400c4a1eea7"
          },
          "private": "eyJlMmJmYjczMC1lY2FhLTExZTYtOGY4OC0zNDM2M2JjN2M0YzAiOnsiY3JlYXRlIjo2MDAwMDAwMDAwMDAsImRlbGV0ZSI6MTIwMDAwMDAwMDAwMH0sInNjaGVtYV92ZXJzaW9uIjoiMSJ9",
          "dependencies": [
            "module.generic_vpc.aws_vpc.this"
          ]
        },
        {
          "index_key": 1,
          "schema_version": 1,
          "attributes": {
            "arn": "arn:aws:ec2:eu-west-2:453835216981:subnet/subnet-045c907e57cc93d2d",
            "assign_ipv6_address_on_creation": false,
            "availability_zone": "eu-west-2b",
            "availability_zone_id": "euw2-az3",
            "cidr_block": "10.40.5.0/24",
            "id": "subnet-045c907e57cc93d2d",
            "ipv6_cidr_block": "",
            "ipv6_cidr_block_association_id": "",
            "map_public_ip_on_launch": false,
            "outpost_arn": "",
            "owner_id": "453835216981",
            "tags": {
              "Name": "Test Secondary",
              "Tier": "Secondary",
              "environent": "test"
            },
            "timeouts": null,
            "vpc_id": "vpc-0fe113400c4a1eea7"
          },
          "private": "eyJlMmJmYjczMC1lY2FhLTExZTYtOGY4OC0zNDM2M2JjN2M0YzAiOnsiY3JlYXRlIjo2MDAwMDAwMDAwMDAsImRlbGV0ZSI6MTIwMDAwMDAwMDAwMH0sInNjaGVtYV92ZXJzaW9uIjoiMSJ9",
          "dependencies": [
            "module.generic_vpc.aws_vpc.this"
          ]
        },
        {
          "index_key": 2,
          "schema_version": 1,
          "attributes": {
            "arn": "arn:aws:ec2:eu-west-2:453835216981:subnet/subnet-0b6f8f39fea9a929a",
            "assign_ipv6_address_on_creation": false,
            "availability_zone": "eu-west-2c",
            "availability_zone_id": "euw2-az1",
            "cidr_block": "10.40.6.0/24",
            "id": "subnet-0b6f8f39fea9a929a",
            "ipv6_cidr_block": "",
            "ipv6_cidr_block_association_id": "",
            "map_public_ip_on_launch": false,
            "outpost_arn": "",
            "owner_id": "453835216981",
            "tags": {
              "Name": "Test Secondary",
              "Tier": "Secondary",
              "environent": "test"
            },
            "timeouts": null,
            "vpc_id": "vpc-0fe113400c4a1eea7"
          },
          "private": "eyJlMmJmYjczMC1lY2FhLTExZTYtOGY4OC0zNDM2M2JjN2M0YzAiOnsiY3JlYXRlIjo2MDAwMDAwMDAwMDAsImRlbGV0ZSI6MTIwMDAwMDAwMDAwMH0sInNjaGVtYV92ZXJzaW9uIjoiMSJ9",
          "dependencies": [
            "module.generic_vpc.aws_vpc.this"
          ]
        }
      ]
    },
    {
      "module": "module.generic_vpc.module.primary_subnet",
      "mode": "managed",
      "type": "aws_subnet",
      "name": "this",
      "each": "list",
      "provider": "provider.aws",
      "instances": [
        {
          "index_key": 0,
          "schema_version": 1,
          "attributes": {
            "arn": "arn:aws:ec2:eu-west-2:453835216981:subnet/subnet-08024faedd11d3f44",
            "assign_ipv6_address_on_creation": false,
            "availability_zone": "eu-west-2a",
            "availability_zone_id": "euw2-az2",
            "cidr_block": "10.40.1.0/24",
            "id": "subnet-08024faedd11d3f44",
            "ipv6_cidr_block": "",
            "ipv6_cidr_block_association_id": "",
            "map_public_ip_on_launch": true,
            "outpost_arn": "",
            "owner_id": "453835216981",
            "tags": {
              "Name": "Test Primary",
              "Tier": "Primary",
              "environent": "test"
            },
            "timeouts": null,
            "vpc_id": "vpc-0fe113400c4a1eea7"
          },
          "private": "eyJlMmJmYjczMC1lY2FhLTExZTYtOGY4OC0zNDM2M2JjN2M0YzAiOnsiY3JlYXRlIjo2MDAwMDAwMDAwMDAsImRlbGV0ZSI6MTIwMDAwMDAwMDAwMH0sInNjaGVtYV92ZXJzaW9uIjoiMSJ9",
          "dependencies": [
            "module.generic_vpc.aws_vpc.this"
          ]
        },
        {
          "index_key": 1,
          "schema_version": 1,
          "attributes": {
            "arn": "arn:aws:ec2:eu-west-2:453835216981:subnet/subnet-0591db51e9d3ca104",
            "assign_ipv6_address_on_creation": false,
            "availability_zone": "eu-west-2b",
            "availability_zone_id": "euw2-az3",
            "cidr_block": "10.40.2.0/24",
            "id": "subnet-0591db51e9d3ca104",
            "ipv6_cidr_block": "",
            "ipv6_cidr_block_association_id": "",
            "map_public_ip_on_launch": true,
            "outpost_arn": "",
            "owner_id": "453835216981",
            "tags": {
              "Name": "Test Primary",
              "Tier": "Primary",
              "environent": "test"
            },
            "timeouts": null,
            "vpc_id": "vpc-0fe113400c4a1eea7"
          },
          "private": "eyJlMmJmYjczMC1lY2FhLTExZTYtOGY4OC0zNDM2M2JjN2M0YzAiOnsiY3JlYXRlIjo2MDAwMDAwMDAwMDAsImRlbGV0ZSI6MTIwMDAwMDAwMDAwMH0sInNjaGVtYV92ZXJzaW9uIjoiMSJ9",
          "dependencies": [
            "module.generic_vpc.aws_vpc.this"
          ]
        },
        {
          "index_key": 2,
          "schema_version": 1,
          "attributes": {
            "arn": "arn:aws:ec2:eu-west-2:453835216981:subnet/subnet-0610dbdfa2a7ca189",
            "assign_ipv6_address_on_creation": false,
            "availability_zone": "eu-west-2c",
            "availability_zone_id": "euw2-az1",
            "cidr_block": "10.40.3.0/24",
            "id": "subnet-0610dbdfa2a7ca189",
            "ipv6_cidr_block": "",
            "ipv6_cidr_block_association_id": "",
            "map_public_ip_on_launch": true,
            "outpost_arn": "",
            "owner_id": "453835216981",
            "tags": {
              "Name": "Test Primary",
              "Tier": "Primary",
              "environent": "test"
            },
            "timeouts": null,
            "vpc_id": "vpc-0fe113400c4a1eea7"
          },
          "private": "eyJlMmJmYjczMC1lY2FhLTExZTYtOGY4OC0zNDM2M2JjN2M0YzAiOnsiY3JlYXRlIjo2MDAwMDAwMDAwMDAsImRlbGV0ZSI6MTIwMDAwMDAwMDAwMH0sInNjaGVtYV92ZXJzaW9uIjoiMSJ9",
          "dependencies": [
            "module.generic_vpc.aws_vpc.this"
          ]
        }
      ]
    },
    {
      "module": "module.backend-subnets",
      "mode": "managed",
      "type": "aws_subnet",
      "name": "this",
      "each": "list",
      "provider": "provider.aws",
      "instances": [
        {
          "index_key": 0,
          "schema_version": 1,
          "attributes": {
            "arn": "arn:aws:ec2:eu-west-2:453835216981:subnet/subnet-0e4bf3e764594e074",
            "assign_ipv6_address_on_creation": false,
            "availability_zone": "eu-west-2a",
            "availability_zone_id": "euw2-az2",
            "cidr_block": "10.40.7.0/24",
            "id": "subnet-0e4bf3e764594e074",
            "ipv6_cidr_block": "",
            "ipv6_cidr_block_association_id": "",
            "map_public_ip_on_launch": false,
            "outpost_arn": "",
            "owner_id": "453835216981",
            "tags": {
              "Description": "Automation Services",
              "Name": "Back-end Subnet",
              "environent": "test"
            },
            "timeouts": null,
            "vpc_id": "vpc-0fe113400c4a1eea7"
          },
          "private": "eyJlMmJmYjczMC1lY2FhLTExZTYtOGY4OC0zNDM2M2JjN2M0YzAiOnsiY3JlYXRlIjo2MDAwMDAwMDAwMDAsImRlbGV0ZSI6MTIwMDAwMDAwMDAwMH0sInNjaGVtYV92ZXJzaW9uIjoiMSJ9",
          "dependencies": [
            "module.generic_vpc.aws_vpc.this"
          ]
        },
        {
          "index_key": 1,
          "schema_version": 1,
          "attributes": {
            "arn": "arn:aws:ec2:eu-west-2:453835216981:subnet/subnet-0da86581103bc7ce4",
            "assign_ipv6_address_on_creation": false,
            "availability_zone": "eu-west-2b",
            "availability_zone_id": "euw2-az3",
            "cidr_block": "10.40.8.0/24",
            "id": "subnet-0da86581103bc7ce4",
            "ipv6_cidr_block": "",
            "ipv6_cidr_block_association_id": "",
            "map_public_ip_on_launch": false,
            "outpost_arn": "",
            "owner_id": "453835216981",
            "tags": {
              "Description": "Automation Services",
              "Name": "Back-end Subnet",
              "environent": "test"
            },
            "timeouts": null,
            "vpc_id": "vpc-0fe113400c4a1eea7"
          },
          "private": "eyJlMmJmYjczMC1lY2FhLTExZTYtOGY4OC0zNDM2M2JjN2M0YzAiOnsiY3JlYXRlIjo2MDAwMDAwMDAwMDAsImRlbGV0ZSI6MTIwMDAwMDAwMDAwMH0sInNjaGVtYV92ZXJzaW9uIjoiMSJ9",
          "dependencies": [
            "module.generic_vpc.aws_vpc.this"
          ]
        },
        {
          "index_key": 2,
          "schema_version": 1,
          "attributes": {
            "arn": "arn:aws:ec2:eu-west-2:453835216981:subnet/subnet-0df1680e6fd09271f",
            "assign_ipv6_address_on_creation": false,
            "availability_zone": "eu-west-2c",
            "availability_zone_id": "euw2-az1",
            "cidr_block": "10.40.9.0/24",
            "id": "subnet-0df1680e6fd09271f",
            "ipv6_cidr_block": "",
            "ipv6_cidr_block_association_id": "",
            "map_public_ip_on_launch": false,
            "outpost_arn": "",
            "owner_id": "453835216981",
            "tags": {
              "Description": "Automation Services",
              "Name": "Back-end Subnet",
              "environent": "test"
            },
            "timeouts": null,
            "vpc_id": "vpc-0fe113400c4a1eea7"
          },
          "private": "eyJlMmJmYjczMC1lY2FhLTExZTYtOGY4OC0zNDM2M2JjN2M0YzAiOnsiY3JlYXRlIjo2MDAwMDAwMDAwMDAsImRlbGV0ZSI6MTIwMDAwMDAwMDAwMH0sInNjaGVtYV92ZXJzaW9uIjoiMSJ9",
          "dependencies": [
            "module.generic_vpc.aws_vpc.this"
          ]
        }
      ]
    },
    {
      "module": "module.generic_vpc",
      "mode": "managed",
      "type": "aws_vpc",
      "name": "this",
      "provider": "provider.aws",
      "instances": [
        {
          "schema_version": 1,
          "attributes": {
            "arn": "arn:aws:ec2:eu-west-2:453835216981:vpc/vpc-0fe113400c4a1eea7",
            "assign_generated_ipv6_cidr_block": false,
            "cidr_block": "10.40.0.0/16",
            "default_network_acl_id": "acl-0dcb4a9aaede9f07a",
            "default_route_table_id": "rtb-03ddbc100cddd34dd",
            "default_security_group_id": "sg-0552623aae21202ba",
            "dhcp_options_id": "dopt-d1b5f1b9",
            "enable_classiclink": null,
            "enable_classiclink_dns_support": null,
            "enable_dns_hostnames": true,
            "enable_dns_support": true,
            "id": "vpc-0fe113400c4a1eea7",
            "instance_tenancy": "default",
            "ipv6_association_id": "",
            "ipv6_cidr_block": "",
            "main_route_table_id": "rtb-03ddbc100cddd34dd",
            "owner_id": "453835216981",
            "tags": {
              "Name": "Built via terraform"
            }
          },
          "private": "eyJzY2hlbWFfdmVyc2lvbiI6IjEifQ=="
        }
      ]
    }
  ]
}
