{
  "version": 4,
  "terraform_version": "0.12.24",
  "serial": 15,
  "lineage": "b10429a0-6284-c3d9-fdad-fe2df521a1f4",
  "outputs": {
    "core_vpc_id": {
      "value": "vpc-08cef58f29a4eecdf",
      "type": "string"
    },
    "private_subnets": {
      "value": [
        "subnet-0d01d902c9e95e283",
        "subnet-0cdb418d4e6694a3e",
        "subnet-0188ccf445cc682c5"
      ],
      "type": [
        "tuple",
        [
          "string",
          "string",
          "string"
        ]
      ]
    },
    "public_subnets": {
      "value": [
        "subnet-0d537b01f1d4b87dd",
        "subnet-02a368dc585f725b3",
        "subnet-05c99f6c2d0a2438f"
      ],
      "type": [
        "tuple",
        [
          "string",
          "string",
          "string"
        ]
      ]
    }
  },
  "resources": [
    {
      "module": "module.generic_vpc",
      "mode": "managed",
      "type": "aws_internet_gateway",
      "name": "this",
      "each": "list",
      "provider": "provider.aws",
      "instances": [
        {
          "index_key": 0,
          "schema_version": 0,
          "attributes": {
            "id": "igw-0464c32fd535c1ebb",
            "owner_id": "453835216981",
            "tags": {
              "Name": "Built via terraform"
            },
            "vpc_id": "vpc-08cef58f29a4eecdf"
          },
          "private": "bnVsbA==",
          "dependencies": [
            "module.generic_vpc.aws_vpc.this"
          ]
        }
      ]
    },
    {
      "module": "module.generic_vpc",
      "mode": "managed",
      "type": "aws_route",
      "name": "public_internet_gateway",
      "each": "list",
      "provider": "provider.aws",
      "instances": [
        {
          "index_key": 0,
          "schema_version": 0,
          "attributes": {
            "destination_cidr_block": "0.0.0.0/0",
            "destination_ipv6_cidr_block": null,
            "destination_prefix_list_id": "",
            "egress_only_gateway_id": "",
            "gateway_id": "igw-0464c32fd535c1ebb",
            "id": "r-rtb-04c4dd0b5390cd1781080289494",
            "instance_id": "",
            "instance_owner_id": "",
            "nat_gateway_id": "",
            "network_interface_id": "",
            "origin": "CreateRoute",
            "route_table_id": "rtb-04c4dd0b5390cd178",
            "state": "active",
            "timeouts": {
              "create": "5m",
              "delete": null
            },
            "transit_gateway_id": "",
            "vpc_peering_connection_id": ""
          },
          "private": "eyJlMmJmYjczMC1lY2FhLTExZTYtOGY4OC0zNDM2M2JjN2M0YzAiOnsiY3JlYXRlIjozMDAwMDAwMDAwMDAsImRlbGV0ZSI6MzAwMDAwMDAwMDAwfX0=",
          "dependencies": [
            "module.generic_vpc.aws_internet_gateway.this",
            "module.generic_vpc.aws_route_table.primary",
            "module.generic_vpc.aws_vpc.this"
          ]
        }
      ]
    },
    {
      "module": "module.generic_vpc",
      "mode": "managed",
      "type": "aws_route_table",
      "name": "primary",
      "each": "list",
      "provider": "provider.aws",
      "instances": [
        {
          "index_key": 0,
          "schema_version": 0,
          "attributes": {
            "id": "rtb-04c4dd0b5390cd178",
            "owner_id": "453835216981",
            "propagating_vgws": [],
            "route": [],
            "tags": {
              "Name": "Built via terraform"
            },
            "vpc_id": "vpc-08cef58f29a4eecdf"
          },
          "private": "bnVsbA==",
          "dependencies": [
            "module.generic_vpc.aws_vpc.this"
          ]
        }
      ]
    },
    {
      "module": "module.generic_vpc",
      "mode": "managed",
      "type": "aws_route_table",
      "name": "private",
      "each": "list",
      "provider": "provider.aws",
      "instances": [
        {
          "index_key": 0,
          "schema_version": 0,
          "attributes": {
            "id": "rtb-0cd2a762eeedcaf0d",
            "owner_id": "453835216981",
            "propagating_vgws": [],
            "route": [],
            "tags": {
              "Name": "Built via terraform"
            },
            "vpc_id": "vpc-08cef58f29a4eecdf"
          },
          "private": "bnVsbA==",
          "dependencies": [
            "module.generic_vpc.aws_vpc.this"
          ]
        }
      ]
    },
    {
      "module": "module.generic_vpc.module.primary_subnet",
      "mode": "managed",
      "type": "aws_subnet",
      "name": "this",
      "each": "list",
      "provider": "provider.aws",
      "instances": [
        {
          "index_key": 0,
          "schema_version": 1,
          "attributes": {
            "arn": "arn:aws:ec2:eu-west-2:453835216981:subnet/subnet-0d537b01f1d4b87dd",
            "assign_ipv6_address_on_creation": false,
            "availability_zone": "eu-west-2a",
            "availability_zone_id": "euw2-az2",
            "cidr_block": "10.40.1.0/24",
            "id": "subnet-0d537b01f1d4b87dd",
            "ipv6_cidr_block": "",
            "ipv6_cidr_block_association_id": "",
            "map_public_ip_on_launch": true,
            "outpost_arn": "",
            "owner_id": "453835216981",
            "tags": {
              "Name": "Test Primary",
              "Tier": "Primary",
              "environent": "test"
            },
            "timeouts": null,
            "vpc_id": "vpc-08cef58f29a4eecdf"
          },
          "private": "eyJlMmJmYjczMC1lY2FhLTExZTYtOGY4OC0zNDM2M2JjN2M0YzAiOnsiY3JlYXRlIjo2MDAwMDAwMDAwMDAsImRlbGV0ZSI6MTIwMDAwMDAwMDAwMH0sInNjaGVtYV92ZXJzaW9uIjoiMSJ9",
          "dependencies": [
            "module.generic_vpc.aws_vpc.this"
          ]
        },
        {
          "index_key": 1,
          "schema_version": 1,
          "attributes": {
            "arn": "arn:aws:ec2:eu-west-2:453835216981:subnet/subnet-02a368dc585f725b3",
            "assign_ipv6_address_on_creation": false,
            "availability_zone": "eu-west-2b",
            "availability_zone_id": "euw2-az3",
            "cidr_block": "10.40.2.0/24",
            "id": "subnet-02a368dc585f725b3",
            "ipv6_cidr_block": "",
            "ipv6_cidr_block_association_id": "",
            "map_public_ip_on_launch": true,
            "outpost_arn": "",
            "owner_id": "453835216981",
            "tags": {
              "Name": "Test Primary",
              "Tier": "Primary",
              "environent": "test"
            },
            "timeouts": null,
            "vpc_id": "vpc-08cef58f29a4eecdf"
          },
          "private": "eyJlMmJmYjczMC1lY2FhLTExZTYtOGY4OC0zNDM2M2JjN2M0YzAiOnsiY3JlYXRlIjo2MDAwMDAwMDAwMDAsImRlbGV0ZSI6MTIwMDAwMDAwMDAwMH0sInNjaGVtYV92ZXJzaW9uIjoiMSJ9",
          "dependencies": [
            "module.generic_vpc.aws_vpc.this"
          ]
        },
        {
          "index_key": 2,
          "schema_version": 1,
          "attributes": {
            "arn": "arn:aws:ec2:eu-west-2:453835216981:subnet/subnet-05c99f6c2d0a2438f",
            "assign_ipv6_address_on_creation": false,
            "availability_zone": "eu-west-2c",
            "availability_zone_id": "euw2-az1",
            "cidr_block": "10.40.3.0/24",
            "id": "subnet-05c99f6c2d0a2438f",
            "ipv6_cidr_block": "",
            "ipv6_cidr_block_association_id": "",
            "map_public_ip_on_launch": true,
            "outpost_arn": "",
            "owner_id": "453835216981",
            "tags": {
              "Name": "Test Primary",
              "Tier": "Primary",
              "environent": "test"
            },
            "timeouts": null,
            "vpc_id": "vpc-08cef58f29a4eecdf"
          },
          "private": "eyJlMmJmYjczMC1lY2FhLTExZTYtOGY4OC0zNDM2M2JjN2M0YzAiOnsiY3JlYXRlIjo2MDAwMDAwMDAwMDAsImRlbGV0ZSI6MTIwMDAwMDAwMDAwMH0sInNjaGVtYV92ZXJzaW9uIjoiMSJ9",
          "dependencies": [
            "module.generic_vpc.aws_vpc.this"
          ]
        }
      ]
    },
    {
      "module": "module.generic_vpc.module.secondary_subnet",
      "mode": "managed",
      "type": "aws_subnet",
      "name": "this",
      "each": "list",
      "provider": "provider.aws",
      "instances": [
        {
          "index_key": 0,
          "schema_version": 1,
          "attributes": {
            "arn": "arn:aws:ec2:eu-west-2:453835216981:subnet/subnet-0d01d902c9e95e283",
            "assign_ipv6_address_on_creation": false,
            "availability_zone": "eu-west-2a",
            "availability_zone_id": "euw2-az2",
            "cidr_block": "10.40.4.0/24",
            "id": "subnet-0d01d902c9e95e283",
            "ipv6_cidr_block": "",
            "ipv6_cidr_block_association_id": "",
            "map_public_ip_on_launch": false,
            "outpost_arn": "",
            "owner_id": "453835216981",
            "tags": {
              "Name": "Test Secondary",
              "Tier": "Secondary",
              "environent": "test"
            },
            "timeouts": null,
            "vpc_id": "vpc-08cef58f29a4eecdf"
          },
          "private": "eyJlMmJmYjczMC1lY2FhLTExZTYtOGY4OC0zNDM2M2JjN2M0YzAiOnsiY3JlYXRlIjo2MDAwMDAwMDAwMDAsImRlbGV0ZSI6MTIwMDAwMDAwMDAwMH0sInNjaGVtYV92ZXJzaW9uIjoiMSJ9",
          "dependencies": [
            "module.generic_vpc.aws_vpc.this"
          ]
        },
        {
          "index_key": 1,
          "schema_version": 1,
          "attributes": {
            "arn": "arn:aws:ec2:eu-west-2:453835216981:subnet/subnet-0cdb418d4e6694a3e",
            "assign_ipv6_address_on_creation": false,
            "availability_zone": "eu-west-2b",
            "availability_zone_id": "euw2-az3",
            "cidr_block": "10.40.5.0/24",
            "id": "subnet-0cdb418d4e6694a3e",
            "ipv6_cidr_block": "",
            "ipv6_cidr_block_association_id": "",
            "map_public_ip_on_launch": false,
            "outpost_arn": "",
            "owner_id": "453835216981",
            "tags": {
              "Name": "Test Secondary",
              "Tier": "Secondary",
              "environent": "test"
            },
            "timeouts": null,
            "vpc_id": "vpc-08cef58f29a4eecdf"
          },
          "private": "eyJlMmJmYjczMC1lY2FhLTExZTYtOGY4OC0zNDM2M2JjN2M0YzAiOnsiY3JlYXRlIjo2MDAwMDAwMDAwMDAsImRlbGV0ZSI6MTIwMDAwMDAwMDAwMH0sInNjaGVtYV92ZXJzaW9uIjoiMSJ9",
          "dependencies": [
            "module.generic_vpc.aws_vpc.this"
          ]
        },
        {
          "index_key": 2,
          "schema_version": 1,
          "attributes": {
            "arn": "arn:aws:ec2:eu-west-2:453835216981:subnet/subnet-0188ccf445cc682c5",
            "assign_ipv6_address_on_creation": false,
            "availability_zone": "eu-west-2c",
            "availability_zone_id": "euw2-az1",
            "cidr_block": "10.40.6.0/24",
            "id": "subnet-0188ccf445cc682c5",
            "ipv6_cidr_block": "",
            "ipv6_cidr_block_association_id": "",
            "map_public_ip_on_launch": false,
            "outpost_arn": "",
            "owner_id": "453835216981",
            "tags": {
              "Name": "Test Secondary",
              "Tier": "Secondary",
              "environent": "test"
            },
            "timeouts": null,
            "vpc_id": "vpc-08cef58f29a4eecdf"
          },
          "private": "eyJlMmJmYjczMC1lY2FhLTExZTYtOGY4OC0zNDM2M2JjN2M0YzAiOnsiY3JlYXRlIjo2MDAwMDAwMDAwMDAsImRlbGV0ZSI6MTIwMDAwMDAwMDAwMH0sInNjaGVtYV92ZXJzaW9uIjoiMSJ9",
          "dependencies": [
            "module.generic_vpc.aws_vpc.this"
          ]
        }
      ]
    },
    {
      "module": "module.backend-subnets",
      "mode": "managed",
      "type": "aws_subnet",
      "name": "this",
      "each": "list",
      "provider": "provider.aws",
      "instances": [
        {
          "index_key": 0,
          "schema_version": 1,
          "attributes": {
            "arn": "arn:aws:ec2:eu-west-2:453835216981:subnet/subnet-02810600cddc44610",
            "assign_ipv6_address_on_creation": false,
            "availability_zone": "eu-west-2a",
            "availability_zone_id": "euw2-az2",
            "cidr_block": "10.40.7.0/24",
            "id": "subnet-02810600cddc44610",
            "ipv6_cidr_block": "",
            "ipv6_cidr_block_association_id": "",
            "map_public_ip_on_launch": false,
            "outpost_arn": "",
            "owner_id": "453835216981",
            "tags": {
              "Description": "Automation Services",
              "Name": "Back-end Subnet",
              "environent": "test"
            },
            "timeouts": null,
            "vpc_id": "vpc-08cef58f29a4eecdf"
          },
          "private": "eyJlMmJmYjczMC1lY2FhLTExZTYtOGY4OC0zNDM2M2JjN2M0YzAiOnsiY3JlYXRlIjo2MDAwMDAwMDAwMDAsImRlbGV0ZSI6MTIwMDAwMDAwMDAwMH0sInNjaGVtYV92ZXJzaW9uIjoiMSJ9",
          "dependencies": [
            "module.generic_vpc.aws_vpc.this"
          ]
        },
        {
          "index_key": 1,
          "schema_version": 1,
          "attributes": {
            "arn": "arn:aws:ec2:eu-west-2:453835216981:subnet/subnet-0aa45f1c9968c3555",
            "assign_ipv6_address_on_creation": false,
            "availability_zone": "eu-west-2b",
            "availability_zone_id": "euw2-az3",
            "cidr_block": "10.40.8.0/24",
            "id": "subnet-0aa45f1c9968c3555",
            "ipv6_cidr_block": "",
            "ipv6_cidr_block_association_id": "",
            "map_public_ip_on_launch": false,
            "outpost_arn": "",
            "owner_id": "453835216981",
            "tags": {
              "Description": "Automation Services",
              "Name": "Back-end Subnet",
              "environent": "test"
            },
            "timeouts": null,
            "vpc_id": "vpc-08cef58f29a4eecdf"
          },
          "private": "eyJlMmJmYjczMC1lY2FhLTExZTYtOGY4OC0zNDM2M2JjN2M0YzAiOnsiY3JlYXRlIjo2MDAwMDAwMDAwMDAsImRlbGV0ZSI6MTIwMDAwMDAwMDAwMH0sInNjaGVtYV92ZXJzaW9uIjoiMSJ9",
          "dependencies": [
            "module.generic_vpc.aws_vpc.this"
          ]
        },
        {
          "index_key": 2,
          "schema_version": 1,
          "attributes": {
            "arn": "arn:aws:ec2:eu-west-2:453835216981:subnet/subnet-0625be980bc4aae09",
            "assign_ipv6_address_on_creation": false,
            "availability_zone": "eu-west-2c",
            "availability_zone_id": "euw2-az1",
            "cidr_block": "10.40.9.0/24",
            "id": "subnet-0625be980bc4aae09",
            "ipv6_cidr_block": "",
            "ipv6_cidr_block_association_id": "",
            "map_public_ip_on_launch": false,
            "outpost_arn": "",
            "owner_id": "453835216981",
            "tags": {
              "Description": "Automation Services",
              "Name": "Back-end Subnet",
              "environent": "test"
            },
            "timeouts": null,
            "vpc_id": "vpc-08cef58f29a4eecdf"
          },
          "private": "eyJlMmJmYjczMC1lY2FhLTExZTYtOGY4OC0zNDM2M2JjN2M0YzAiOnsiY3JlYXRlIjo2MDAwMDAwMDAwMDAsImRlbGV0ZSI6MTIwMDAwMDAwMDAwMH0sInNjaGVtYV92ZXJzaW9uIjoiMSJ9",
          "dependencies": [
            "module.generic_vpc.aws_vpc.this"
          ]
        }
      ]
    },
    {
      "module": "module.generic_vpc",
      "mode": "managed",
      "type": "aws_vpc",
      "name": "this",
      "provider": "provider.aws",
      "instances": [
        {
          "schema_version": 1,
          "attributes": {
            "arn": "arn:aws:ec2:eu-west-2:453835216981:vpc/vpc-08cef58f29a4eecdf",
            "assign_generated_ipv6_cidr_block": false,
            "cidr_block": "10.40.0.0/16",
            "default_network_acl_id": "acl-04fbcfcf878dfcd71",
            "default_route_table_id": "rtb-01bbb17d264de88ff",
            "default_security_group_id": "sg-0761d998d19d11676",
            "dhcp_options_id": "dopt-d1b5f1b9",
            "enable_classiclink": null,
            "enable_classiclink_dns_support": null,
            "enable_dns_hostnames": true,
            "enable_dns_support": true,
            "id": "vpc-08cef58f29a4eecdf",
            "instance_tenancy": "default",
            "ipv6_association_id": "",
            "ipv6_cidr_block": "",
            "main_route_table_id": "rtb-01bbb17d264de88ff",
            "owner_id": "453835216981",
            "tags": {
              "Name": "Built via terraform"
            }
          },
          "private": "eyJzY2hlbWFfdmVyc2lvbiI6IjEifQ=="
        }
      ]
    }
  ]
}
